
Microsoft Visual Studio Solution File, Format Version 12.00
# Visual Studio Version 17
VisualStudioVersion = 17.8.34511.84
MinimumVisualStudioVersion = 10.0.40219.1
Project("{FAE04EC0-301F-11D3-BF4B-00C04F79EFBC}") = "VersioneConsole", "VersioneConsole\VersioneConsole.csproj", "{E55688F3-C7E8-470E-94DC-39C0F2B1D241}"
EndProject
Global
	GlobalSection(SolutionConfigurationPlatforms) = preSolution
		Debug|Any CPU = Debug|Any CPU
		Release|Any CPU = Release|Any CPU
	EndGlobalSection
	GlobalSection(ProjectConfigurationPlatforms) = postSolution
		{E55688F3-C7E8-470E-94DC-39C0F2B1D241}.Debug|Any CPU.ActiveCfg = Debug|Any CPU
		{E55688F3-C7E8-470E-94DC-39C0F2B1D241}.Debug|Any CPU.Build.0 = Debug|Any CPU
		{E55688F3-C7E8-470E-94DC-39C0F2B1D241}.Release|Any CPU.ActiveCfg = Release|Any CPU
		{E55688F3-C7E8-470E-94DC-39C0F2B1D241}.Release|Any CPU.Build.0 = Release|Any CPU
	EndGlobalSection
	GlobalSection(SolutionProperties) = preSolution
		HideSolutionNode = FALSE
	EndGlobalSection
	GlobalSection(ExtensibilityGlobals) = postSolution
		SolutionGuid = {834D451A-3365-43CA-B8CB-69DCB1B3A273}
	EndGlobalSection
EndGlobal
